
Microsoft Visual Studio Solution File, Format Version 12.00
# Visual Studio 2013
VisualStudioVersion = 12.0.30110.0
MinimumVisualStudioVersion = 10.0.40219.1
Project("{FAE04EC0-301F-11D3-BF4B-00C04F79EFBC}") = "CreditCardAPI2", "CreditCardAPI2\CreditCardAPI2.csproj", "{57FA71DD-FFFF-4AED-BA76-6459DFE46372}"
EndProject
Project("{FAE04EC0-301F-11D3-BF4B-00C04F79EFBC}") = "CreditCardAPI2.Tests", "CreditCardAPI2.Tests\CreditCardAPI2.Tests.csproj", "{9E296EDD-8060-4927-BEFD-F9B7573EAAA1}"
EndProject
Global
	GlobalSection(SolutionConfigurationPlatforms) = preSolution
		Debug|Any CPU = Debug|Any CPU
		Release|Any CPU = Release|Any CPU
	EndGlobalSection
	GlobalSection(ProjectConfigurationPlatforms) = postSolution
		{57FA71DD-FFFF-4AED-BA76-6459DFE46372}.Debug|Any CPU.ActiveCfg = Debug|Any CPU
		{57FA71DD-FFFF-4AED-BA76-6459DFE46372}.Debug|Any CPU.Build.0 = Debug|Any CPU
		{57FA71DD-FFFF-4AED-BA76-6459DFE46372}.Release|Any CPU.ActiveCfg = Release|Any CPU
		{57FA71DD-FFFF-4AED-BA76-6459DFE46372}.Release|Any CPU.Build.0 = Release|Any CPU
		{9E296EDD-8060-4927-BEFD-F9B7573EAAA1}.Debug|Any CPU.ActiveCfg = Debug|Any CPU
		{9E296EDD-8060-4927-BEFD-F9B7573EAAA1}.Debug|Any CPU.Build.0 = Debug|Any CPU
		{9E296EDD-8060-4927-BEFD-F9B7573EAAA1}.Release|Any CPU.ActiveCfg = Release|Any CPU
		{9E296EDD-8060-4927-BEFD-F9B7573EAAA1}.Release|Any CPU.Build.0 = Release|Any CPU
	EndGlobalSection
	GlobalSection(SolutionProperties) = preSolution
		HideSolutionNode = FALSE
	EndGlobalSection
EndGlobal
